
Microsoft Visual Studio Solution File, Format Version 12.00
# Visual Studio Version 17
VisualStudioVersion = 17.9.34723.18
MinimumVisualStudioVersion = 10.0.40219.1
Project("{FAE04EC0-301F-11D3-BF4B-00C04F79EFBC}") = "BasicAuthenticationNew", "BasicAuthenticationNew\BasicAuthenticationNew.csproj", "{DFCFA3B9-1F53-43AF-BD1F-6D4521FC4404}"
EndProject
Global
	GlobalSection(SolutionConfigurationPlatforms) = preSolution
		Debug|Any CPU = Debug|Any CPU
		Release|Any CPU = Release|Any CPU
	EndGlobalSection
	GlobalSection(ProjectConfigurationPlatforms) = postSolution
		{DFCFA3B9-1F53-43AF-BD1F-6D4521FC4404}.Debug|Any CPU.ActiveCfg = Debug|Any CPU
		{DFCFA3B9-1F53-43AF-BD1F-6D4521FC4404}.Debug|Any CPU.Build.0 = Debug|Any CPU
		{DFCFA3B9-1F53-43AF-BD1F-6D4521FC4404}.Release|Any CPU.ActiveCfg = Release|Any CPU
		{DFCFA3B9-1F53-43AF-BD1F-6D4521FC4404}.Release|Any CPU.Build.0 = Release|Any CPU
	EndGlobalSection
	GlobalSection(SolutionProperties) = preSolution
		HideSolutionNode = FALSE
	EndGlobalSection
	GlobalSection(ExtensibilityGlobals) = postSolution
		SolutionGuid = {EC015E9B-56AE-477A-AD39-F575648B60B5}
	EndGlobalSection
EndGlobal
